{
  "name": "vue-godot",
  "lockfileVersion": 3,
  "requires": true,
  "packages": {
    "": {
      "name": "vue-godot",
      "workspaces": [
        "apps/*",
        "packages/*"
      ],
      "devDependencies": {
        "prettier": "^3.5.3",
        "turbo": "^2.4.4",
        "typescript": "5.8.2"
      },
      "engines": {
        "node": ">=18"
      }
    },
    "apps/docs": {
      "version": "0.1.0",
      "extraneous": true,
      "dependencies": {
        "@repo/ui": "*",
        "next": "^15.2.1",
        "react": "^19.0.0",
        "react-dom": "^19.0.0"
      },
      "devDependencies": {
        "@repo/eslint-config": "*",
        "@repo/typescript-config": "*",
        "@types/node": "^22.13.9",
        "@types/react": "19.0.10",
        "@types/react-dom": "19.0.4",
        "eslint": "^9.22.0",
        "typescript": "5.8.2"
      }
    },
    "apps/web": {
      "version": "0.1.0",
      "extraneous": true,
      "dependencies": {
        "@repo/ui": "*",
        "next": "^15.2.1",
        "react": "^19.0.0",
        "react-dom": "^19.0.0"
      },
      "devDependencies": {
        "@repo/eslint-config": "*",
        "@repo/typescript-config": "*",
        "@types/node": "^22.13.9",
        "@types/react": "19.0.10",
        "@types/react-dom": "19.0.4",
        "eslint": "^9.22.0",
        "typescript": "5.8.2"
      }
    },
    "node_modules/@babel/helper-string-parser": {
      "version": "7.25.9",
      "resolved": "https://registry.npmjs.org/@babel/helper-string-parser/-/helper-string-parser-7.25.9.tgz",
      "integrity": "sha512-4A/SCr/2KLd5jrtOMFzaKjVtAei3+2r/NChoBNoZ3EyP/+GlhoaEGoWOZUmFmoITP7zOJyHIMm+DYRd8o3PvHA==",
      "license": "MIT",
      "peer": true,
      "engines": {
        "node": ">=6.9.0"
      }
    },
    "node_modules/@babel/helper-validator-identifier": {
      "version": "7.25.9",
      "resolved": "https://registry.npmjs.org/@babel/helper-validator-identifier/-/helper-validator-identifier-7.25.9.tgz",
      "integrity": "sha512-Ed61U6XJc3CVRfkERJWDz4dJwKe7iLmmJsbOGu9wSloNSFttHV0I8g6UAgb7qnK5ly5bGLPd4oXZlxCdANBOWQ==",
      "license": "MIT",
      "peer": true,
      "engines": {
        "node": ">=6.9.0"
      }
    },
    "node_modules/@babel/parser": {
      "version": "7.26.10",
      "resolved": "https://registry.npmjs.org/@babel/parser/-/parser-7.26.10.tgz",
      "integrity": "sha512-6aQR2zGE/QFi8JpDLjUZEPYOs7+mhKXm86VaKFiLP35JQwQb6bwUE+XbvkH0EptsYhbNBSUGaUBLKqxH1xSgsA==",
      "license": "MIT",
      "peer": true,
      "dependencies": {
        "@babel/types": "^7.26.10"
      },
      "bin": {
        "parser": "bin/babel-parser.js"
      },
      "engines": {
        "node": ">=6.0.0"
      }
    },
    "node_modules/@babel/types": {
      "version": "7.26.10",
      "resolved": "https://registry.npmjs.org/@babel/types/-/types-7.26.10.tgz",
      "integrity": "sha512-emqcG3vHrpxUKTrxcblR36dcrcoRDvKmnL/dCL6ZsHaShW80qxCAcNhzQZrpeM765VzEos+xOi4s+r4IXzTwdQ==",
      "license": "MIT",
      "peer": true,
      "dependencies": {
        "@babel/helper-string-parser": "^7.25.9",
        "@babel/helper-validator-identifier": "^7.25.9"
      },
      "engines": {
        "node": ">=6.9.0"
      }
    },
    "node_modules/@cspotcode/source-map-support": {
      "version": "0.8.1",
      "resolved": "https://registry.npmjs.org/@cspotcode/source-map-support/-/source-map-support-0.8.1.tgz",
      "integrity": "sha512-IchNf6dN4tHoMFIn/7OE8LWZ19Y6q/67Bmf6vnGREv8RSbBVb9LPJxEcnwrcwX6ixSvaiGoomAUvu4YSxXrVgw==",
      "dev": true,
      "license": "MIT",
      "dependencies": {
        "@jridgewell/trace-mapping": "0.3.9"
      },
      "engines": {
        "node": ">=12"
      }
    },
    "node_modules/@jridgewell/resolve-uri": {
      "version": "3.1.2",
      "resolved": "https://registry.npmjs.org/@jridgewell/resolve-uri/-/resolve-uri-3.1.2.tgz",
      "integrity": "sha512-bRISgCIjP20/tbWSPWMEi54QVPRZExkuD9lJL+UIxUKtwVJA8wW1Trb1jMs1RFXo1CBTNZ/5hpC9QvmKWdopKw==",
      "dev": true,
      "license": "MIT",
      "engines": {
        "node": ">=6.0.0"
      }
    },
    "node_modules/@jridgewell/sourcemap-codec": {
      "version": "1.5.0",
      "resolved": "https://registry.npmjs.org/@jridgewell/sourcemap-codec/-/sourcemap-codec-1.5.0.tgz",
      "integrity": "sha512-gv3ZRaISU3fjPAgNsriBRqGWQL6quFx04YMPW/zD8XMLsU32mhCCbfbO6KZFLjvYpCZ8zyDEgqsgf+PwPaM7GQ==",
      "license": "MIT"
    },
    "node_modules/@jridgewell/trace-mapping": {
      "version": "0.3.9",
      "resolved": "https://registry.npmjs.org/@jridgewell/trace-mapping/-/trace-mapping-0.3.9.tgz",
      "integrity": "sha512-3Belt6tdc8bPgAtbcmdtNJlirVoTmEb5e2gC94PnkwEW9jI6CAHUeoG85tjWP5WquqfavoMtMwiG4P926ZKKuQ==",
      "dev": true,
      "license": "MIT",
      "dependencies": {
        "@jridgewell/resolve-uri": "^3.0.3",
        "@jridgewell/sourcemap-codec": "^1.4.10"
      }
    },
    "node_modules/@tsconfig/node10": {
      "version": "1.0.11",
      "resolved": "https://registry.npmjs.org/@tsconfig/node10/-/node10-1.0.11.tgz",
      "integrity": "sha512-DcRjDCujK/kCk/cUe8Xz8ZSpm8mS3mNNpta+jGCA6USEDfktlNvm1+IuZ9eTcDbNk41BHwpHHeW+N1lKCz4zOw==",
      "dev": true,
      "license": "MIT"
    },
    "node_modules/@tsconfig/node12": {
      "version": "1.0.11",
      "resolved": "https://registry.npmjs.org/@tsconfig/node12/-/node12-1.0.11.tgz",
      "integrity": "sha512-cqefuRsh12pWyGsIoBKJA9luFu3mRxCA+ORZvA4ktLSzIuCUtWVxGIuXigEwO5/ywWFMZ2QEGKWvkZG1zDMTag==",
      "dev": true,
      "license": "MIT"
    },
    "node_modules/@tsconfig/node14": {
      "version": "1.0.3",
      "resolved": "https://registry.npmjs.org/@tsconfig/node14/-/node14-1.0.3.tgz",
      "integrity": "sha512-ysT8mhdixWK6Hw3i1V2AeRqZ5WfXg1G43mqoYlM2nc6388Fq5jcXyr5mRsqViLx/GJYdoL0bfXD8nmF+Zn/Iow==",
      "dev": true,
      "license": "MIT"
    },
    "node_modules/@tsconfig/node16": {
      "version": "1.0.4",
      "resolved": "https://registry.npmjs.org/@tsconfig/node16/-/node16-1.0.4.tgz",
      "integrity": "sha512-vxhUy4J8lyeyinH7Azl1pdd43GJhZH/tP2weN8TntQblOY+A0XbT8DJk1/oCPuOOyg/Ja757rG0CgHcWC8OfMA==",
      "dev": true,
      "license": "MIT"
    },
    "node_modules/@types/node": {
      "version": "22.13.10",
      "resolved": "https://registry.npmjs.org/@types/node/-/node-22.13.10.tgz",
      "integrity": "sha512-I6LPUvlRH+O6VRUqYOcMudhaIdUVWfsjnZavnsraHvpBwaEyMN29ry+0UVJhImYL16xsscu0aske3yA+uPOWfw==",
      "dev": true,
      "license": "MIT",
      "peer": true,
      "dependencies": {
        "undici-types": "~6.20.0"
      }
    },
    "node_modules/@vue-godot/runtime-tscn": {
      "resolved": "packages/runtime-tscn",
      "link": true
    },
    "node_modules/@vue/compiler-core": {
      "version": "3.3.0",
      "resolved": "https://registry.npmjs.org/@vue/compiler-core/-/compiler-core-3.3.0.tgz",
      "integrity": "sha512-iYvUFe9/tIXNI1FyDCQYhkwJI5M9htqeCGfdZ2LiR+ZqVQE6KAH2+qUPdXixjMPUL36LdpVIBTNhxstx5RRhEw==",
      "license": "MIT",
      "peer": true,
      "dependencies": {
        "@babel/parser": "^7.21.3",
        "@vue/shared": "3.3.0",
        "estree-walker": "^2.0.2",
        "source-map-js": "^1.0.2"
      }
    },
    "node_modules/@vue/compiler-core/node_modules/@vue/shared": {
      "version": "3.3.0",
      "resolved": "https://registry.npmjs.org/@vue/shared/-/shared-3.3.0.tgz",
      "integrity": "sha512-U4LUNs+xkcncuiWSyYlZJPl4l8zAKs67OuLM2L91QsaYZAEylj41pGHaLPHkO0ULGTpxTMETEBXkn6QFP9/X+Q==",
      "license": "MIT",
      "peer": true
    },
    "node_modules/@vue/compiler-dom": {
      "version": "3.3.0",
      "resolved": "https://registry.npmjs.org/@vue/compiler-dom/-/compiler-dom-3.3.0.tgz",
      "integrity": "sha512-oxWgWpY+2FOQMZxdXgVaslu7z/KSmk9pO90MrYdxfiOW3/0HkqR6nuDjukiwaz5rN/kUioNXBfAkDcNwIr1JOA==",
      "license": "MIT",
      "peer": true,
      "dependencies": {
        "@vue/compiler-core": "3.3.0",
        "@vue/shared": "3.3.0"
      }
    },
    "node_modules/@vue/compiler-dom/node_modules/@vue/shared": {
      "version": "3.3.0",
      "resolved": "https://registry.npmjs.org/@vue/shared/-/shared-3.3.0.tgz",
      "integrity": "sha512-U4LUNs+xkcncuiWSyYlZJPl4l8zAKs67OuLM2L91QsaYZAEylj41pGHaLPHkO0ULGTpxTMETEBXkn6QFP9/X+Q==",
      "license": "MIT",
      "peer": true
    },
    "node_modules/@vue/compiler-sfc": {
      "version": "3.3.0",
      "resolved": "https://registry.npmjs.org/@vue/compiler-sfc/-/compiler-sfc-3.3.0.tgz",
      "integrity": "sha512-g8j35REOBMN0oRnJ4eEO3RMLj8ebEehQk6JkH6Q9df+M1Sb8eLeX0Zb7GBBPrrjfmyKzGvp/TE3fyOLUq/H5ow==",
      "license": "MIT",
      "peer": true,
      "dependencies": {
        "@babel/parser": "^7.20.15",
        "@vue/compiler-core": "3.3.0",
        "@vue/compiler-dom": "3.3.0",
        "@vue/compiler-ssr": "3.3.0",
        "@vue/reactivity-transform": "3.3.0",
        "@vue/shared": "3.3.0",
        "estree-walker": "^2.0.2",
        "magic-string": "^0.30.0",
        "postcss": "^8.1.10",
        "source-map-js": "^1.0.2"
      }
    },
    "node_modules/@vue/compiler-sfc/node_modules/@vue/shared": {
      "version": "3.3.0",
      "resolved": "https://registry.npmjs.org/@vue/shared/-/shared-3.3.0.tgz",
      "integrity": "sha512-U4LUNs+xkcncuiWSyYlZJPl4l8zAKs67OuLM2L91QsaYZAEylj41pGHaLPHkO0ULGTpxTMETEBXkn6QFP9/X+Q==",
      "license": "MIT",
      "peer": true
    },
    "node_modules/@vue/compiler-ssr": {
      "version": "3.3.0",
      "resolved": "https://registry.npmjs.org/@vue/compiler-ssr/-/compiler-ssr-3.3.0.tgz",
      "integrity": "sha512-G39cqKLtSvlHM4L+P7vav9mh+ruks156VsXtzKya/FLMAWkSco6ye4SdaD6vJHMbtCypTOkMU7R6NMrCr19vpg==",
      "license": "MIT",
      "peer": true,
      "dependencies": {
        "@vue/compiler-dom": "3.3.0",
        "@vue/shared": "3.3.0"
      }
    },
    "node_modules/@vue/compiler-ssr/node_modules/@vue/shared": {
      "version": "3.3.0",
      "resolved": "https://registry.npmjs.org/@vue/shared/-/shared-3.3.0.tgz",
      "integrity": "sha512-U4LUNs+xkcncuiWSyYlZJPl4l8zAKs67OuLM2L91QsaYZAEylj41pGHaLPHkO0ULGTpxTMETEBXkn6QFP9/X+Q==",
      "license": "MIT",
      "peer": true
    },
    "node_modules/@vue/reactivity": {
      "version": "3.5.13",
      "resolved": "https://registry.npmjs.org/@vue/reactivity/-/reactivity-3.5.13.tgz",
      "integrity": "sha512-NaCwtw8o48B9I6L1zl2p41OHo/2Z4wqYGGIK1Khu5T7yxrn+ATOixn/Udn2m+6kZKB/J7cuT9DbWWhRxqixACg==",
      "license": "MIT",
      "dependencies": {
        "@vue/shared": "3.5.13"
      }
    },
    "node_modules/@vue/reactivity-transform": {
      "version": "3.3.0",
      "resolved": "https://registry.npmjs.org/@vue/reactivity-transform/-/reactivity-transform-3.3.0.tgz",
      "integrity": "sha512-Pli2ClOXOEMG2AExCfUwiPQQo7U7zcRlnZLb6FI9ns/nEiQ9KLJJYD3wAuJHSx0VXLhACaINd/1VbMeKfa8GhQ==",
      "license": "MIT",
      "peer": true,
      "dependencies": {
        "@babel/parser": "^7.20.15",
        "@vue/compiler-core": "3.3.0",
        "@vue/shared": "3.3.0",
        "estree-walker": "^2.0.2",
        "magic-string": "^0.30.0"
      }
    },
    "node_modules/@vue/reactivity-transform/node_modules/@vue/shared": {
      "version": "3.3.0",
      "resolved": "https://registry.npmjs.org/@vue/shared/-/shared-3.3.0.tgz",
      "integrity": "sha512-U4LUNs+xkcncuiWSyYlZJPl4l8zAKs67OuLM2L91QsaYZAEylj41pGHaLPHkO0ULGTpxTMETEBXkn6QFP9/X+Q==",
      "license": "MIT",
      "peer": true
    },
    "node_modules/@vue/runtime-core": {
      "version": "3.5.13",
      "resolved": "https://registry.npmjs.org/@vue/runtime-core/-/runtime-core-3.5.13.tgz",
      "integrity": "sha512-Fj4YRQ3Az0WTZw1sFe+QDb0aXCerigEpw418pw1HBUKFtnQHWzwojaukAs2X/c9DQz4MQ4bsXTGlcpGxU/RCIw==",
      "license": "MIT",
      "dependencies": {
        "@vue/reactivity": "3.5.13",
        "@vue/shared": "3.5.13"
      }
    },
    "node_modules/@vue/runtime-dom": {
      "version": "3.3.0",
      "resolved": "https://registry.npmjs.org/@vue/runtime-dom/-/runtime-dom-3.3.0.tgz",
      "integrity": "sha512-e2VwfvU6xk/BdXpFvh1UXo4mcOrKCAkPrCy/vFas9GkkYzW3nx3uJ7Jm2Zl08dRoCMP7Oy9FegT9JkJ5kU8C+g==",
      "license": "MIT",
      "peer": true,
      "dependencies": {
        "@vue/runtime-core": "3.3.0",
        "@vue/shared": "3.3.0",
        "csstype": "^3.1.1"
      }
    },
    "node_modules/@vue/runtime-dom/node_modules/@vue/reactivity": {
      "version": "3.3.0",
      "resolved": "https://registry.npmjs.org/@vue/reactivity/-/reactivity-3.3.0.tgz",
      "integrity": "sha512-CyVK/UDaGVK9ARd6HDh+RnvSY65rItjkNvxz7yTcbsGole6KaywdLIzLhWeaO5y7LnYE4MNGxzwZxmsnd+gNmQ==",
      "license": "MIT",
      "peer": true,
      "dependencies": {
        "@vue/shared": "3.3.0"
      }
    },
    "node_modules/@vue/runtime-dom/node_modules/@vue/runtime-core": {
      "version": "3.3.0",
      "resolved": "https://registry.npmjs.org/@vue/runtime-core/-/runtime-core-3.3.0.tgz",
      "integrity": "sha512-PJ6EYidRqsG0p0kijogSjA9dmJk6AhGGX387UWjbk2Y1z7t9VI0vTMLwBXf7H7QkKSAufiPRMET7qmexcOae1g==",
      "license": "MIT",
      "peer": true,
      "dependencies": {
        "@vue/reactivity": "3.3.0",
        "@vue/shared": "3.3.0"
      }
    },
    "node_modules/@vue/runtime-dom/node_modules/@vue/shared": {
      "version": "3.3.0",
      "resolved": "https://registry.npmjs.org/@vue/shared/-/shared-3.3.0.tgz",
      "integrity": "sha512-U4LUNs+xkcncuiWSyYlZJPl4l8zAKs67OuLM2L91QsaYZAEylj41pGHaLPHkO0ULGTpxTMETEBXkn6QFP9/X+Q==",
      "license": "MIT",
      "peer": true
    },
    "node_modules/@vue/server-renderer": {
      "version": "3.3.0",
      "resolved": "https://registry.npmjs.org/@vue/server-renderer/-/server-renderer-3.3.0.tgz",
      "integrity": "sha512-U8coTPJMym4U6kJ2sDQuO5BmYjfIn26f66rtCk+cS1hoSxOtxFtUJuFXAOTIHvFWeelk4qeh9Ub5ZbfVRCHQBg==",
      "license": "MIT",
      "peer": true,
      "dependencies": {
        "@vue/compiler-ssr": "3.3.0",
        "@vue/shared": "3.3.0"
      },
      "peerDependencies": {
        "vue": "3.3.0"
      }
    },
    "node_modules/@vue/server-renderer/node_modules/@vue/shared": {
      "version": "3.3.0",
      "resolved": "https://registry.npmjs.org/@vue/shared/-/shared-3.3.0.tgz",
      "integrity": "sha512-U4LUNs+xkcncuiWSyYlZJPl4l8zAKs67OuLM2L91QsaYZAEylj41pGHaLPHkO0ULGTpxTMETEBXkn6QFP9/X+Q==",
      "license": "MIT",
      "peer": true
    },
    "node_modules/@vue/shared": {
      "version": "3.5.13",
      "resolved": "https://registry.npmjs.org/@vue/shared/-/shared-3.5.13.tgz",
      "integrity": "sha512-/hnE/qP5ZoGpol0a5mDi45bOd7t3tjYJBjsgCsivow7D48cJeV5l05RD82lPqi7gRiphZM37rnhW1l6ZoCNNnQ==",
      "license": "MIT"
    },
    "node_modules/acorn": {
      "version": "8.14.1",
      "resolved": "https://registry.npmjs.org/acorn/-/acorn-8.14.1.tgz",
      "integrity": "sha512-OvQ/2pUDKmgfCg++xsTX1wGxfTaszcHVcTctW4UJB4hibJx2HXxxO5UmVgyjMa+ZDsiaf5wWLXYpRWMmBI0QHg==",
      "dev": true,
      "license": "MIT",
      "bin": {
        "acorn": "bin/acorn"
      },
      "engines": {
        "node": ">=0.4.0"
      }
    },
    "node_modules/acorn-walk": {
      "version": "8.3.4",
      "resolved": "https://registry.npmjs.org/acorn-walk/-/acorn-walk-8.3.4.tgz",
      "integrity": "sha512-ueEepnujpqee2o5aIYnvHU6C0A42MNdsIDeqy5BydrkuC5R1ZuUFnm27EeFJGoEHJQgn3uleRvmTXaJgfXbt4g==",
      "dev": true,
      "license": "MIT",
      "dependencies": {
        "acorn": "^8.11.0"
      },
      "engines": {
        "node": ">=0.4.0"
      }
    },
    "node_modules/arg": {
      "version": "4.1.3",
      "resolved": "https://registry.npmjs.org/arg/-/arg-4.1.3.tgz",
      "integrity": "sha512-58S9QDqG0Xx27YwPSt9fJxivjYl432YCwfDMfZ+71RAqUrZef7LrKQZ3LHLOwCS4FLNBplP533Zx895SeOCHvA==",
      "dev": true,
      "license": "MIT"
    },
    "node_modules/create-require": {
      "version": "1.1.1",
      "resolved": "https://registry.npmjs.org/create-require/-/create-require-1.1.1.tgz",
      "integrity": "sha512-dcKFX3jn0MpIaXjisoRvexIJVEKzaq7z2rZKxf+MSr9TkdmHmsU4m2lcLojrj/FHl8mk5VxMmYA+ftRkP/3oKQ==",
      "dev": true,
      "license": "MIT"
    },
    "node_modules/csstype": {
      "version": "3.1.3",
      "resolved": "https://registry.npmjs.org/csstype/-/csstype-3.1.3.tgz",
      "integrity": "sha512-M1uQkMl8rQK/szD0LNhtqxIPLpimGm8sOBwU7lLnCpSbTyY3yeU1Vc7l4KT5zT4s/yOxHH5O7tIuuLOCnLADRw==",
      "license": "MIT",
      "peer": true
    },
    "node_modules/diff": {
      "version": "4.0.2",
      "resolved": "https://registry.npmjs.org/diff/-/diff-4.0.2.tgz",
      "integrity": "sha512-58lmxKSA4BNyLz+HHMUzlOEpg09FV+ev6ZMe3vJihgdxzgcwZ8VoEEPmALCZG9LmqfVoNMMKpttIYTVG6uDY7A==",
      "dev": true,
      "license": "BSD-3-Clause",
      "engines": {
        "node": ">=0.3.1"
      }
    },
    "node_modules/estree-walker": {
      "version": "2.0.2",
      "resolved": "https://registry.npmjs.org/estree-walker/-/estree-walker-2.0.2.tgz",
      "integrity": "sha512-Rfkk/Mp/DL7JVje3u18FxFujQlTNR2q6QfMSMB7AvCBx91NGj/ba3kCfza0f6dVDbw7YlRf/nDrn7pQrCCyQ/w==",
      "license": "MIT",
      "peer": true
    },
    "node_modules/magic-string": {
      "version": "0.30.17",
      "resolved": "https://registry.npmjs.org/magic-string/-/magic-string-0.30.17.tgz",
      "integrity": "sha512-sNPKHvyjVf7gyjwS4xGTaW/mCnF8wnjtifKBEhxfZ7E/S8tQ0rssrwGNn6q8JH/ohItJfSQp9mBtQYuTlH5QnA==",
      "license": "MIT",
      "peer": true,
      "dependencies": {
        "@jridgewell/sourcemap-codec": "^1.5.0"
      }
    },
    "node_modules/make-error": {
      "version": "1.3.6",
      "resolved": "https://registry.npmjs.org/make-error/-/make-error-1.3.6.tgz",
      "integrity": "sha512-s8UhlNe7vPKomQhC1qFelMokr/Sc3AgNbso3n74mVPA5LTZwkB9NlXf4XPamLxJE8h0gh73rM94xvwRT2CVInw==",
      "dev": true,
      "license": "ISC"
    },
    "node_modules/nanoid": {
      "version": "3.3.9",
      "resolved": "https://registry.npmjs.org/nanoid/-/nanoid-3.3.9.tgz",
      "integrity": "sha512-SppoicMGpZvbF1l3z4x7No3OlIjP7QJvC9XR7AhZr1kL133KHnKPztkKDc+Ir4aJ/1VhTySrtKhrsycmrMQfvg==",
      "funding": [
        {
          "type": "github",
          "url": "https://github.com/sponsors/ai"
        }
      ],
      "license": "MIT",
      "peer": true,
      "bin": {
        "nanoid": "bin/nanoid.cjs"
      },
      "engines": {
        "node": "^10 || ^12 || ^13.7 || ^14 || >=15.0.1"
      }
    },
    "node_modules/picocolors": {
      "version": "1.0.1",
      "resolved": "https://registry.npmjs.org/picocolors/-/picocolors-1.0.1.tgz",
      "integrity": "sha512-anP1Z8qwhkbmu7MFP5iTt+wQKXgwzf7zTyGlcdzabySa9vd0Xt392U0rVmz9poOaBj0uHJKyyo9/upk0HrEQew==",
      "license": "ISC",
      "peer": true
    },
    "node_modules/postcss": {
      "version": "8.4.31",
      "resolved": "https://registry.npmjs.org/postcss/-/postcss-8.4.31.tgz",
      "integrity": "sha512-PS08Iboia9mts/2ygV3eLpY5ghnUcfLV/EXTOW1E2qYxJKGGBUtNjN76FYHnMs36RmARn41bC0AZmn+rR0OVpQ==",
      "funding": [
        {
          "type": "opencollective",
          "url": "https://opencollective.com/postcss/"
        },
        {
          "type": "tidelift",
          "url": "https://tidelift.com/funding/github/npm/postcss"
        },
        {
          "type": "github",
          "url": "https://github.com/sponsors/ai"
        }
      ],
      "license": "MIT",
      "peer": true,
      "dependencies": {
        "nanoid": "^3.3.6",
        "picocolors": "^1.0.0",
        "source-map-js": "^1.0.2"
      },
      "engines": {
        "node": "^10 || ^12 || >=14"
      }
    },
    "node_modules/prettier": {
      "version": "3.5.3",
      "resolved": "https://registry.npmjs.org/prettier/-/prettier-3.5.3.tgz",
      "integrity": "sha512-QQtaxnoDJeAkDvDKWCLiwIXkTgRhwYDEQCghU9Z6q03iyek/rxRh/2lC3HB7P8sWT2xC/y5JDctPLBIGzHKbhw==",
      "dev": true,
      "license": "MIT",
      "bin": {
        "prettier": "bin/prettier.cjs"
      },
      "engines": {
        "node": ">=14"
      },
      "funding": {
        "url": "https://github.com/prettier/prettier?sponsor=1"
      }
    },
    "node_modules/source-map-js": {
      "version": "1.2.1",
      "resolved": "https://registry.npmjs.org/source-map-js/-/source-map-js-1.2.1.tgz",
      "integrity": "sha512-UXWMKhLOwVKb728IUtQPXxfYU+usdybtUrK/8uGE8CQMvrhOpwvzDBwj0QhSL7MQc7vIsISBG8VQ8+IDQxpfQA==",
      "license": "BSD-3-Clause",
      "peer": true,
      "engines": {
        "node": ">=0.10.0"
      }
    },
    "node_modules/ts-node": {
      "version": "10.9.2",
      "resolved": "https://registry.npmjs.org/ts-node/-/ts-node-10.9.2.tgz",
      "integrity": "sha512-f0FFpIdcHgn8zcPSbf1dRevwt047YMnaiJM3u2w2RewrB+fob/zePZcrOyQoLMMO7aBIddLcQIEK5dYjkLnGrQ==",
      "dev": true,
      "license": "MIT",
      "dependencies": {
        "@cspotcode/source-map-support": "^0.8.0",
        "@tsconfig/node10": "^1.0.7",
        "@tsconfig/node12": "^1.0.7",
        "@tsconfig/node14": "^1.0.0",
        "@tsconfig/node16": "^1.0.2",
        "acorn": "^8.4.1",
        "acorn-walk": "^8.1.1",
        "arg": "^4.1.0",
        "create-require": "^1.1.0",
        "diff": "^4.0.1",
        "make-error": "^1.1.1",
        "v8-compile-cache-lib": "^3.0.1",
        "yn": "3.1.1"
      },
      "bin": {
        "ts-node": "dist/bin.js",
        "ts-node-cwd": "dist/bin-cwd.js",
        "ts-node-esm": "dist/bin-esm.js",
        "ts-node-script": "dist/bin-script.js",
        "ts-node-transpile-only": "dist/bin-transpile.js",
        "ts-script": "dist/bin-script-deprecated.js"
      },
      "peerDependencies": {
        "@swc/core": ">=1.2.50",
        "@swc/wasm": ">=1.2.50",
        "@types/node": "*",
        "typescript": ">=2.7"
      },
      "peerDependenciesMeta": {
        "@swc/core": {
          "optional": true
        },
        "@swc/wasm": {
          "optional": true
        }
      }
    },
    "node_modules/turbo": {
      "version": "2.4.4",
      "resolved": "https://registry.npmjs.org/turbo/-/turbo-2.4.4.tgz",
      "integrity": "sha512-N9FDOVaY3yz0YCOhYIgOGYad7+m2ptvinXygw27WPLQvcZDl3+0Sa77KGVlLSiuPDChOUEnTKE9VJwLSi9BPGQ==",
      "dev": true,
      "license": "MIT",
      "bin": {
        "turbo": "bin/turbo"
      },
      "optionalDependencies": {
        "turbo-darwin-64": "2.4.4",
        "turbo-darwin-arm64": "2.4.4",
        "turbo-linux-64": "2.4.4",
        "turbo-linux-arm64": "2.4.4",
        "turbo-windows-64": "2.4.4",
        "turbo-windows-arm64": "2.4.4"
      }
    },
    "node_modules/turbo-darwin-64": {
      "version": "2.4.4",
      "resolved": "https://registry.npmjs.org/turbo-darwin-64/-/turbo-darwin-64-2.4.4.tgz",
      "integrity": "sha512-5kPvRkLAfmWI0MH96D+/THnDMGXlFNmjeqNRj5grLKiry+M9pKj3pRuScddAXPdlxjO5Ptz06UNaOQrrYGTx1g==",
      "cpu": [
        "x64"
      ],
      "dev": true,
      "license": "MIT",
      "optional": true,
      "os": [
        "darwin"
      ]
    },
    "node_modules/turbo-darwin-arm64": {
      "version": "2.4.4",
      "resolved": "https://registry.npmjs.org/turbo-darwin-arm64/-/turbo-darwin-arm64-2.4.4.tgz",
      "integrity": "sha512-/gtHPqbGQXDFhrmy+Q/MFW2HUTUlThJ97WLLSe4bxkDrKHecDYhAjbZ4rN3MM93RV9STQb3Tqy4pZBtsd4DfCw==",
      "cpu": [
        "arm64"
      ],
      "dev": true,
      "license": "MIT",
      "optional": true,
      "os": [
        "darwin"
      ]
    },
    "node_modules/turbo-linux-64": {
      "version": "2.4.4",
      "resolved": "https://registry.npmjs.org/turbo-linux-64/-/turbo-linux-64-2.4.4.tgz",
      "integrity": "sha512-SR0gri4k0bda56hw5u9VgDXLKb1Q+jrw4lM7WAhnNdXvVoep4d6LmnzgMHQQR12Wxl3KyWPbkz9d1whL6NTm2Q==",
      "cpu": [
        "x64"
      ],
      "dev": true,
      "license": "MIT",
      "optional": true,
      "os": [
        "linux"
      ]
    },
    "node_modules/turbo-linux-arm64": {
      "version": "2.4.4",
      "resolved": "https://registry.npmjs.org/turbo-linux-arm64/-/turbo-linux-arm64-2.4.4.tgz",
      "integrity": "sha512-COXXwzRd3vslQIfJhXUklgEqlwq35uFUZ7hnN+AUyXx7hUOLIiD5NblL+ETrHnhY4TzWszrbwUMfe2BYWtaPQg==",
      "cpu": [
        "arm64"
      ],
      "dev": true,
      "license": "MIT",
      "optional": true,
      "os": [
        "linux"
      ]
    },
    "node_modules/turbo-windows-64": {
      "version": "2.4.4",
      "resolved": "https://registry.npmjs.org/turbo-windows-64/-/turbo-windows-64-2.4.4.tgz",
      "integrity": "sha512-PV9rYNouGz4Ff3fd6sIfQy5L7HT9a4fcZoEv8PKRavU9O75G7PoDtm8scpHU10QnK0QQNLbE9qNxOAeRvF0fJg==",
      "cpu": [
        "x64"
      ],
      "dev": true,
      "license": "MIT",
      "optional": true,
      "os": [
        "win32"
      ]
    },
    "node_modules/turbo-windows-arm64": {
      "version": "2.4.4",
      "resolved": "https://registry.npmjs.org/turbo-windows-arm64/-/turbo-windows-arm64-2.4.4.tgz",
      "integrity": "sha512-403sqp9t5sx6YGEC32IfZTVWkRAixOQomGYB8kEc6ZD+//LirSxzeCHCnM8EmSXw7l57U1G+Fb0kxgTcKPU/Lg==",
      "cpu": [
        "arm64"
      ],
      "dev": true,
      "license": "MIT",
      "optional": true,
      "os": [
        "win32"
      ]
    },
    "node_modules/typescript": {
      "version": "5.8.2",
      "resolved": "https://registry.npmjs.org/typescript/-/typescript-5.8.2.tgz",
      "integrity": "sha512-aJn6wq13/afZp/jT9QZmwEjDqqvSGp1VT5GVg+f/t6/oVyrgXM6BY1h9BRh/O5p3PlUPAe+WuiEZOmb/49RqoQ==",
      "dev": true,
      "license": "Apache-2.0",
      "bin": {
        "tsc": "bin/tsc",
        "tsserver": "bin/tsserver"
      },
      "engines": {
        "node": ">=14.17"
      }
    },
    "node_modules/undici-types": {
      "version": "6.20.0",
      "resolved": "https://registry.npmjs.org/undici-types/-/undici-types-6.20.0.tgz",
      "integrity": "sha512-Ny6QZ2Nju20vw1SRHe3d9jVu6gJ+4e3+MMpqu7pqE5HT6WsTSlce++GQmK5UXS8mzV8DSYHrQH+Xrf2jVcuKNg==",
      "dev": true,
      "license": "MIT",
      "peer": true
    },
    "node_modules/v8-compile-cache-lib": {
      "version": "3.0.1",
      "resolved": "https://registry.npmjs.org/v8-compile-cache-lib/-/v8-compile-cache-lib-3.0.1.tgz",
      "integrity": "sha512-wa7YjyUGfNZngI/vtK0UHAN+lgDCxBPCylVXGp0zu59Fz5aiGtNXaq3DhIov063MorB+VfufLh3JlF2KdTK3xg==",
      "dev": true,
      "license": "MIT"
    },
    "node_modules/vue": {
      "version": "3.3.0",
      "resolved": "https://registry.npmjs.org/vue/-/vue-3.3.0.tgz",
      "integrity": "sha512-cyyuVeFKvQy5eGIwN7VQlNKFu09DQSyTtunzpURRjPJwl6B2T7zo41oE1Nr/nacCsZVpnkE6FlWN0YfbY2SB2w==",
      "license": "MIT",
      "peer": true,
      "dependencies": {
        "@vue/compiler-dom": "3.3.0",
        "@vue/compiler-sfc": "3.3.0",
        "@vue/runtime-dom": "3.3.0",
        "@vue/server-renderer": "3.3.0",
        "@vue/shared": "3.3.0"
      }
    },
    "node_modules/vue/node_modules/@vue/shared": {
      "version": "3.3.0",
      "resolved": "https://registry.npmjs.org/@vue/shared/-/shared-3.3.0.tgz",
      "integrity": "sha512-U4LUNs+xkcncuiWSyYlZJPl4l8zAKs67OuLM2L91QsaYZAEylj41pGHaLPHkO0ULGTpxTMETEBXkn6QFP9/X+Q==",
      "license": "MIT",
      "peer": true
    },
    "node_modules/yn": {
      "version": "3.1.1",
      "resolved": "https://registry.npmjs.org/yn/-/yn-3.1.1.tgz",
      "integrity": "sha512-Ux4ygGWsu2c7isFWe8Yu1YluJmqVhxqK2cLXNQA5AcC3QfbGNpM7fu0Y8b/z16pXLnFxZYvWhd3fhBY9DLmC6Q==",
      "dev": true,
      "license": "MIT",
      "engines": {
        "node": ">=6"
      }
    },
    "packages/eslint-config": {
      "name": "@repo/eslint-config",
      "version": "0.0.0",
      "extraneous": true,
      "devDependencies": {
        "@eslint/js": "^9.22.0",
        "@next/eslint-plugin-next": "^15.2.1",
        "eslint": "^9.22.0",
        "eslint-config-prettier": "^10.1.1",
        "eslint-plugin-only-warn": "^1.1.0",
        "eslint-plugin-react": "^7.37.4",
        "eslint-plugin-react-hooks": "^5.2.0",
        "eslint-plugin-turbo": "^2.4.4",
        "globals": "^16.0.0",
        "typescript": "^5.8.2",
        "typescript-eslint": "^8.26.0"
      }
    },
    "packages/runtime-tscn": {
      "name": "@vue-godot/runtime-tscn",
      "version": "0.0.1",
      "license": "MIT",
      "dependencies": {
        "@vue/runtime-core": "^3.3.0",
        "@vue/shared": "^3.3.0"
      },
      "devDependencies": {
        "ts-node": "^10.9.2",
        "typescript": "^5.8.2"
      },
      "peerDependencies": {
        "vue": "3.3.0"
      }
    },
    "packages/typescript-config": {
      "name": "@repo/typescript-config",
      "version": "0.0.0",
      "extraneous": true,
      "license": "MIT"
    },
    "packages/ui": {
      "name": "@repo/ui",
      "version": "0.0.0",
      "extraneous": true,
      "dependencies": {
        "react": "^19.0.0",
        "react-dom": "^19.0.0"
      },
      "devDependencies": {
        "@repo/eslint-config": "*",
        "@repo/typescript-config": "*",
        "@turbo/gen": "^2.4.4",
        "@types/node": "^22.13.9",
        "@types/react": "19.0.10",
        "@types/react-dom": "19.0.4",
        "eslint": "^9.22.0",
        "typescript": "5.8.2"
      }
    }
  }
}
